
Microsoft Visual Studio Solution File, Format Version 12.00
# Visual Studio 15
VisualStudioVersion = 15.0.27703.2042
MinimumVisualStudioVersion = 10.0.40219.1
Project("{FAE04EC0-301F-11D3-BF4B-00C04F79EFBC}") = "SpreadsheetAPI", "SpreadsheetAPI\SpreadsheetAPI.csproj", "{113983D6-68C9-4A9E-8FE8-C550D13A3515}"
EndProject
Global
	GlobalSection(SolutionConfigurationPlatforms) = preSolution
		Debug|Any CPU = Debug|Any CPU
		Release|Any CPU = Release|Any CPU
	EndGlobalSection
	GlobalSection(ProjectConfigurationPlatforms) = postSolution
		{113983D6-68C9-4A9E-8FE8-C550D13A3515}.Debug|Any CPU.ActiveCfg = Debug|Any CPU
		{113983D6-68C9-4A9E-8FE8-C550D13A3515}.Debug|Any CPU.Build.0 = Debug|Any CPU
		{113983D6-68C9-4A9E-8FE8-C550D13A3515}.Release|Any CPU.ActiveCfg = Release|Any CPU
		{113983D6-68C9-4A9E-8FE8-C550D13A3515}.Release|Any CPU.Build.0 = Release|Any CPU
	EndGlobalSection
	GlobalSection(SolutionProperties) = preSolution
		HideSolutionNode = FALSE
	EndGlobalSection
	GlobalSection(ExtensibilityGlobals) = postSolution
		SolutionGuid = {3ED5D988-4F7F-4020-9ED8-A598012DF73C}
	EndGlobalSection
EndGlobal
